
Microsoft Visual Studio Solution File, Format Version 12.00
# Visual Studio 2013
VisualStudioVersion = 12.0.31101.0
MinimumVisualStudioVersion = 10.0.40219.1
Project("{FAE04EC0-301F-11D3-BF4B-00C04F79EFBC}") = "CourseWebApi", "CourseWebApi\CourseWebApi.csproj", "{69BCE232-FF9E-4410-98A4-F2B204F53273}"
EndProject
Project("{FAE04EC0-301F-11D3-BF4B-00C04F79EFBC}") = "CourseWebApi.Tests", "CourseWebApi.Tests\CourseWebApi.Tests.csproj", "{D6AAD405-3AD7-49BC-A44A-E2C37C45419F}"
EndProject
Global
	GlobalSection(SolutionConfigurationPlatforms) = preSolution
		Debug|Any CPU = Debug|Any CPU
		Release|Any CPU = Release|Any CPU
	EndGlobalSection
	GlobalSection(ProjectConfigurationPlatforms) = postSolution
		{69BCE232-FF9E-4410-98A4-F2B204F53273}.Debug|Any CPU.ActiveCfg = Debug|Any CPU
		{69BCE232-FF9E-4410-98A4-F2B204F53273}.Debug|Any CPU.Build.0 = Debug|Any CPU
		{69BCE232-FF9E-4410-98A4-F2B204F53273}.Release|Any CPU.ActiveCfg = Release|Any CPU
		{69BCE232-FF9E-4410-98A4-F2B204F53273}.Release|Any CPU.Build.0 = Release|Any CPU
		{D6AAD405-3AD7-49BC-A44A-E2C37C45419F}.Debug|Any CPU.ActiveCfg = Debug|Any CPU
		{D6AAD405-3AD7-49BC-A44A-E2C37C45419F}.Debug|Any CPU.Build.0 = Debug|Any CPU
		{D6AAD405-3AD7-49BC-A44A-E2C37C45419F}.Release|Any CPU.ActiveCfg = Release|Any CPU
		{D6AAD405-3AD7-49BC-A44A-E2C37C45419F}.Release|Any CPU.Build.0 = Release|Any CPU
	EndGlobalSection
	GlobalSection(SolutionProperties) = preSolution
		HideSolutionNode = FALSE
	EndGlobalSection
EndGlobal
